// !$*UTF8*$!
{
	archiveVersion = 1;
	classes = {
	};
	objectVersion = 48;
	objects = {

/* Begin PBXBuildFile section */
		A02AACFC20F18CA40007D4B9 /* AppDelegate.swift in Sources */ = {isa = PBXBuildFile; fileRef = A02AACFB20F18CA40007D4B9 /* AppDelegate.swift */; };
		A02AACFE20F18CA40007D4B9 /* Assets.xcassets in Resources */ = {isa = PBXBuildFile; fileRef = A02AACFD20F18CA40007D4B9 /* Assets.xcassets */; };
		A02AAD0120F18CA40007D4B9 /* MainMenu.xib in Resources */ = {isa = PBXBuildFile; fileRef = A02AACFF20F18CA40007D4B9 /* MainMenu.xib */; };
		A02AAD2020F18D0F0007D4B9 /* Cocoa.framework in Frameworks */ = {isa = PBXBuildFile; fileRef = A02AACD220F184F50007D4B9 /* Cocoa.framework */; };
		A02AAD2320F18D100007D4B9 /* SourceEditorExtension.swift in Sources */ = {isa = PBXBuildFile; fileRef = A02AAD2220F18D100007D4B9 /* SourceEditorExtension.swift */; };
		A02AAD2520F18D100007D4B9 /* SourceEditorCommand.swift in Sources */ = {isa = PBXBuildFile; fileRef = A02AAD2420F18D100007D4B9 /* SourceEditorCommand.swift */; };
		A02AAD2A20F18D100007D4B9 /* Commenter.appex in Embed App Extensions */ = {isa = PBXBuildFile; fileRef = A02AAD1F20F18D0F0007D4B9 /* Commenter.appex */; settings = {ATTRIBUTES = (RemoveHeadersOnCopy, ); }; };
/* End PBXBuildFile section */

/* Begin PBXContainerItemProxy section */
		A02AAD2820F18D100007D4B9 /* PBXContainerItemProxy */ = {
			isa = PBXContainerItemProxy;
			containerPortal = A02AAC9720F184880007D4B9 /* Project object */;
			proxyType = 1;
			remoteGlobalIDString = A02AAD1E20F18D0F0007D4B9;
			remoteInfo = Commenter;
		};
/* End PBXContainerItemProxy section */

/* Begin PBXCopyFilesBuildPhase section */
		A02AAD1A20F18CCB0007D4B9 /* Embed App Extensions */ = {
			isa = PBXCopyFilesBuildPhase;
			buildActionMask = 2147483647;
			dstPath = "";
			dstSubfolderSpec = 13;
			files = (
				A02AAD2A20F18D100007D4B9 /* Commenter.appex in Embed App Extensions */,
			);
			name = "Embed App Extensions";
			runOnlyForDeploymentPostprocessing = 0;
		};
/* End PBXCopyFilesBuildPhase section */

/* Begin PBXFileReference section */
		A02AACD220F184F50007D4B9 /* Cocoa.framework */ = {isa = PBXFileReference; lastKnownFileType = wrapper.framework; name = Cocoa.framework; path = System/Library/Frameworks/Cocoa.framework; sourceTree = SDKROOT; };
		A02AACF920F18CA40007D4B9 /* CommenterExt.app */ = {isa = PBXFileReference; explicitFileType = wrapper.application; includeInIndex = 0; path = CommenterExt.app; sourceTree = BUILT_PRODUCTS_DIR; };
		A02AACFB20F18CA40007D4B9 /* AppDelegate.swift */ = {isa = PBXFileReference; lastKnownFileType = sourcecode.swift; path = AppDelegate.swift; sourceTree = "<group>"; };
		A02AACFD20F18CA40007D4B9 /* Assets.xcassets */ = {isa = PBXFileReference; lastKnownFileType = folder.assetcatalog; path = Assets.xcassets; sourceTree = "<group>"; };
		A02AAD0020F18CA40007D4B9 /* Base */ = {isa = PBXFileReference; lastKnownFileType = file.xib; name = Base; path = Base.lproj/MainMenu.xib; sourceTree = "<group>"; };
		A02AAD0220F18CA40007D4B9 /* Info.plist */ = {isa = PBXFileReference; lastKnownFileType = text.plist.xml; path = Info.plist; sourceTree = "<group>"; };
		A02AAD0320F18CA40007D4B9 /* CommenterExt.entitlements */ = {isa = PBXFileReference; lastKnownFileType = text.plist.entitlements; path = CommenterExt.entitlements; sourceTree = "<group>"; };
		A02AAD1F20F18D0F0007D4B9 /* Commenter.appex */ = {isa = PBXFileReference; explicitFileType = "wrapper.app-extension"; includeInIndex = 0; path = Commenter.appex; sourceTree = BUILT_PRODUCTS_DIR; };
		A02AAD2220F18D100007D4B9 /* SourceEditorExtension.swift */ = {isa = PBXFileReference; lastKnownFileType = sourcecode.swift; path = SourceEditorExtension.swift; sourceTree = "<group>"; };
		A02AAD2420F18D100007D4B9 /* SourceEditorCommand.swift */ = {isa = PBXFileReference; lastKnownFileType = sourcecode.swift; path = SourceEditorCommand.swift; sourceTree = "<group>"; };
		A02AAD2620F18D100007D4B9 /* Info.plist */ = {isa = PBXFileReference; lastKnownFileType = text.plist.xml; path = Info.plist; sourceTree = "<group>"; };
		A02AAD2720F18D100007D4B9 /* Commenter.entitlements */ = {isa = PBXFileReference; lastKnownFileType = text.plist.entitlements; path = Commenter.entitlements; sourceTree = "<group>"; };
/* End PBXFileReference section */

/* Begin PBXFrameworksBuildPhase section */
		A02AACF620F18CA40007D4B9 /* Frameworks */ = {
			isa = PBXFrameworksBuildPhase;
			buildActionMask = 2147483647;
			files = (
			);
			runOnlyForDeploymentPostprocessing = 0;
		};
		A02AAD1C20F18D0F0007D4B9 /* Frameworks */ = {
			isa = PBXFrameworksBuildPhase;
			buildActionMask = 2147483647;
			files = (
				A02AAD2020F18D0F0007D4B9 /* Cocoa.framework in Frameworks */,
			);
			runOnlyForDeploymentPostprocessing = 0;
		};
/* End PBXFrameworksBuildPhase section */

/* Begin PBXGroup section */
		A02AAC9620F184880007D4B9 = {
			isa = PBXGroup;
			children = (
				A02AACFA20F18CA40007D4B9 /* CommenterExt */,
				A02AAD2120F18D100007D4B9 /* Commenter */,
				A02AACD120F184F50007D4B9 /* Frameworks */,
				A02AACA020F184880007D4B9 /* Products */,
			);
			sourceTree = "<group>";
		};
		A02AACA020F184880007D4B9 /* Products */ = {
			isa = PBXGroup;
			children = (
				A02AACF920F18CA40007D4B9 /* CommenterExt.app */,
				A02AAD1F20F18D0F0007D4B9 /* Commenter.appex */,
			);
			name = Products;
			sourceTree = "<group>";
		};
		A02AACD120F184F50007D4B9 /* Frameworks */ = {
			isa = PBXGroup;
			children = (
				A02AACD220F184F50007D4B9 /* Cocoa.framework */,
			);
			name = Frameworks;
			sourceTree = "<group>";
		};
		A02AACFA20F18CA40007D4B9 /* CommenterExt */ = {
			isa = PBXGroup;
			children = (
				A02AACFB20F18CA40007D4B9 /* AppDelegate.swift */,
				A02AACFD20F18CA40007D4B9 /* Assets.xcassets */,
				A02AACFF20F18CA40007D4B9 /* MainMenu.xib */,
				A02AAD0220F18CA40007D4B9 /* Info.plist */,
				A02AAD0320F18CA40007D4B9 /* CommenterExt.entitlements */,
			);
			path = CommenterExt;
			sourceTree = "<group>";
		};
		A02AAD2120F18D100007D4B9 /* Commenter */ = {
			isa = PBXGroup;
			children = (
				A02AAD2220F18D100007D4B9 /* SourceEditorExtension.swift */,
				A02AAD2420F18D100007D4B9 /* SourceEditorCommand.swift */,
				A02AAD2620F18D100007D4B9 /* Info.plist */,
				A02AAD2720F18D100007D4B9 /* Commenter.entitlements */,
			);
			path = Commenter;
			sourceTree = "<group>";
		};
/* End PBXGroup section */

/* Begin PBXNativeTarget section */
		A02AACF820F18CA40007D4B9 /* CommenterExt */ = {
			isa = PBXNativeTarget;
			buildConfigurationList = A02AAD0420F18CA40007D4B9 /* Build configuration list for PBXNativeTarget "CommenterExt" */;
			buildPhases = (
				A02AACF520F18CA40007D4B9 /* Sources */,
				A02AACF620F18CA40007D4B9 /* Frameworks */,
				A02AACF720F18CA40007D4B9 /* Resources */,
				A02AAD1A20F18CCB0007D4B9 /* Embed App Extensions */,
			);
			buildRules = (
			);
			dependencies = (
				A02AAD2920F18D100007D4B9 /* PBXTargetDependency */,
			);
			name = CommenterExt;
			productName = CommenterExt;
			productReference = A02AACF920F18CA40007D4B9 /* CommenterExt.app */;
			productType = "com.apple.product-type.application";
		};
		A02AAD1E20F18D0F0007D4B9 /* Commenter */ = {
			isa = PBXNativeTarget;
			buildConfigurationList = A02AAD2B20F18D100007D4B9 /* Build configuration list for PBXNativeTarget "Commenter" */;
			buildPhases = (
				A02AAD1B20F18D0F0007D4B9 /* Sources */,
				A02AAD1C20F18D0F0007D4B9 /* Frameworks */,
				A02AAD1D20F18D0F0007D4B9 /* Resources */,
			);
			buildRules = (
			);
			dependencies = (
			);
			name = Commenter;
			productName = Commenter;
			productReference = A02AAD1F20F18D0F0007D4B9 /* Commenter.appex */;
			productType = "com.apple.product-type.xcode-extension";
		};
/* End PBXNativeTarget section */

/* Begin PBXProject section */
		A02AAC9720F184880007D4B9 /* Project object */ = {
			isa = PBXProject;
			attributes = {
				LastSwiftUpdateCheck = 0920;
				LastUpgradeCheck = 0920;
				ORGANIZATIONNAME = "Jacob Martin";
				TargetAttributes = {
					A02AACF820F18CA40007D4B9 = {
						CreatedOnToolsVersion = 9.2;
						ProvisioningStyle = Automatic;
					};
					A02AAD1E20F18D0F0007D4B9 = {
						CreatedOnToolsVersion = 9.2;
						ProvisioningStyle = Automatic;
					};
				};
			};
			buildConfigurationList = A02AAC9A20F184880007D4B9 /* Build configuration list for PBXProject "Commenter Extension" */;
			compatibilityVersion = "Xcode 8.0";
			developmentRegion = en;
			hasScannedForEncodings = 0;
			knownRegions = (
				en,
				Base,
			);
			mainGroup = A02AAC9620F184880007D4B9;
			productRefGroup = A02AACA020F184880007D4B9 /* Products */;
			projectDirPath = "";
			projectRoot = "";
			targets = (
				A02AACF820F18CA40007D4B9 /* CommenterExt */,
				A02AAD1E20F18D0F0007D4B9 /* Commenter */,
			);
		};
/* End PBXProject section */

/* Begin PBXResourcesBuildPhase section */
		A02AACF720F18CA40007D4B9 /* Resources */ = {
			isa = PBXResourcesBuildPhase;
			buildActionMask = 2147483647;
			files = (
				A02AACFE20F18CA40007D4B9 /* Assets.xcassets in Resources */,
				A02AAD0120F18CA40007D4B9 /* MainMenu.xib in Resources */,
			);
			runOnlyForDeploymentPostprocessing = 0;
		};
		A02AAD1D20F18D0F0007D4B9 /* Resources */ = {
			isa = PBXResourcesBuildPhase;
			buildActionMask = 2147483647;
			files = (
			);
			runOnlyForDeploymentPostprocessing = 0;
		};
/* End PBXResourcesBuildPhase section */

/* Begin PBXSourcesBuildPhase section */
		A02AACF520F18CA40007D4B9 /* Sources */ = {
			isa = PBXSourcesBuildPhase;
			buildActionMask = 2147483647;
			files = (
				A02AACFC20F18CA40007D4B9 /* AppDelegate.swift in Sources */,
			);
			runOnlyForDeploymentPostprocessing = 0;
		};
		A02AAD1B20F18D0F0007D4B9 /* Sources */ = {
			isa = PBXSourcesBuildPhase;
			buildActionMask = 2147483647;
			files = (
				A02AAD2320F18D100007D4B9 /* SourceEditorExtension.swift in Sources */,
				A02AAD2520F18D100007D4B9 /* SourceEditorCommand.swift in Sources */,
			);
			runOnlyForDeploymentPostprocessing = 0;
		};
/* End PBXSourcesBuildPhase section */

/* Begin PBXTargetDependency section */
		A02AAD2920F18D100007D4B9 /* PBXTargetDependency */ = {
			isa = PBXTargetDependency;
			target = A02AAD1E20F18D0F0007D4B9 /* Commenter */;
			targetProxy = A02AAD2820F18D100007D4B9 /* PBXContainerItemProxy */;
		};
/* End PBXTargetDependency section */

/* Begin PBXVariantGroup section */
		A02AACFF20F18CA40007D4B9 /* MainMenu.xib */ = {
			isa = PBXVariantGroup;
			children = (
				A02AAD0020F18CA40007D4B9 /* Base */,
			);
			name = MainMenu.xib;
			sourceTree = "<group>";
		};
/* End PBXVariantGroup section */

/* Begin XCBuildConfiguration section */
		A02AACC120F184880007D4B9 /* Debug */ = {
			isa = XCBuildConfiguration;
			buildSettings = {
				ALWAYS_SEARCH_USER_PATHS = NO;
				CLANG_ANALYZER_NONNULL = YES;
				CLANG_ANALYZER_NUMBER_OBJECT_CONVERSION = YES_AGGRESSIVE;
				CLANG_CXX_LANGUAGE_STANDARD = "gnu++14";
				CLANG_CXX_LIBRARY = "libc++";
				CLANG_ENABLE_MODULES = YES;
				CLANG_ENABLE_OBJC_ARC = YES;
				CLANG_WARN_BLOCK_CAPTURE_AUTORELEASING = YES;
				CLANG_WARN_BOOL_CONVERSION = YES;
				CLANG_WARN_COMMA = YES;
				CLANG_WARN_CONSTANT_CONVERSION = YES;
				CLANG_WARN_DIRECT_OBJC_ISA_USAGE = YES_ERROR;
				CLANG_WARN_DOCUMENTATION_COMMENTS = YES;
				CLANG_WARN_EMPTY_BODY = YES;
				CLANG_WARN_ENUM_CONVERSION = YES;
				CLANG_WARN_INFINITE_RECURSION = YES;
				CLANG_WARN_INT_CONVERSION = YES;
				CLANG_WARN_NON_LITERAL_NULL_CONVERSION = YES;
				CLANG_WARN_OBJC_LITERAL_CONVERSION = YES;
				CLANG_WARN_OBJC_ROOT_CLASS = YES_ERROR;
				CLANG_WARN_RANGE_LOOP_ANALYSIS = YES;
				CLANG_WARN_STRICT_PROTOTYPES = YES;
				CLANG_WARN_SUSPICIOUS_MOVE = YES;
				CLANG_WARN_UNGUARDED_AVAILABILITY = YES_AGGRESSIVE;
				CLANG_WARN_UNREACHABLE_CODE = YES;
				CLANG_WARN__DUPLICATE_METHOD_MATCH = YES;
				CODE_SIGN_IDENTITY = "-";
				COPY_PHASE_STRIP = NO;
				DEBUG_INFORMATION_FORMAT = dwarf;
				ENABLE_STRICT_OBJC_MSGSEND = YES;
				ENABLE_TESTABILITY = YES;
				GCC_C_LANGUAGE_STANDARD = gnu11;
				GCC_DYNAMIC_NO_PIC = NO;
				GCC_NO_COMMON_BLOCKS = YES;
				GCC_OPTIMIZATION_LEVEL = 0;
				GCC_PREPROCESSOR_DEFINITIONS = (
					"DEBUG=1",
					"$(inherited)",
				);
				GCC_WARN_64_TO_32_BIT_CONVERSION = YES;
				GCC_WARN_ABOUT_RETURN_TYPE = YES_ERROR;
				GCC_WARN_UNDECLARED_SELECTOR = YES;
				GCC_WARN_UNINITIALIZED_AUTOS = YES_AGGRESSIVE;
				GCC_WARN_UNUSED_FUNCTION = YES;
				GCC_WARN_UNUSED_VARIABLE = YES;
				MACOSX_DEPLOYMENT_TARGET = 10.13;
				MTL_ENABLE_DEBUG_INFO = YES;
				ONLY_ACTIVE_ARCH = YES;
				SDKROOT = macosx;
				SWIFT_ACTIVE_COMPILATION_CONDITIONS = DEBUG;
				SWIFT_OPTIMIZATION_LEVEL = "-Onone";
			};
			name = Debug;
		};
		A02AACC220F184880007D4B9 /* Release */ = {
			isa = XCBuildConfiguration;
			buildSettings = {
				ALWAYS_SEARCH_USER_PATHS = NO;
				CLANG_ANALYZER_NONNULL = YES;
				CLANG_ANALYZER_NUMBER_OBJECT_CONVERSION = YES_AGGRESSIVE;
				CLANG_CXX_LANGUAGE_STANDARD = "gnu++14";
				CLANG_CXX_LIBRARY = "libc++";
				CLANG_ENABLE_MODULES = YES;
				CLANG_ENABLE_OBJC_ARC = YES;
				CLANG_WARN_BLOCK_CAPTURE_AUTORELEASING = YES;
				CLANG_WARN_BOOL_CONVERSION = YES;
				CLANG_WARN_COMMA = YES;
				CLANG_WARN_CONSTANT_CONVERSION = YES;
				CLANG_WARN_DIRECT_OBJC_ISA_USAGE = YES_ERROR;
				CLANG_WARN_DOCUMENTATION_COMMENTS = YES;
				CLANG_WARN_EMPTY_BODY = YES;
				CLANG_WARN_ENUM_CONVERSION = YES;
				CLANG_WARN_INFINITE_RECURSION = YES;
				CLANG_WARN_INT_CONVERSION = YES;
				CLANG_WARN_NON_LITERAL_NULL_CONVERSION = YES;
				CLANG_WARN_OBJC_LITERAL_CONVERSION = YES;
				CLANG_WARN_OBJC_ROOT_CLASS = YES_ERROR;
				CLANG_WARN_RANGE_LOOP_ANALYSIS = YES;
				CLANG_WARN_STRICT_PROTOTYPES = YES;
				CLANG_WARN_SUSPICIOUS_MOVE = YES;
				CLANG_WARN_UNGUARDED_AVAILABILITY = YES_AGGRESSIVE;
				CLANG_WARN_UNREACHABLE_CODE = YES;
				CLANG_WARN__DUPLICATE_METHOD_MATCH = YES;
				CODE_SIGN_IDENTITY = "-";
				COPY_PHASE_STRIP = NO;
				DEBUG_INFORMATION_FORMAT = "dwarf-with-dsym";
				ENABLE_NS_ASSERTIONS = NO;
				ENABLE_STRICT_OBJC_MSGSEND = YES;
				GCC_C_LANGUAGE_STANDARD = gnu11;
				GCC_NO_COMMON_BLOCKS = YES;
				GCC_WARN_64_TO_32_BIT_CONVERSION = YES;
				GCC_WARN_ABOUT_RETURN_TYPE = YES_ERROR;
				GCC_WARN_UNDECLARED_SELECTOR = YES;
				GCC_WARN_UNINITIALIZED_AUTOS = YES_AGGRESSIVE;
				GCC_WARN_UNUSED_FUNCTION = YES;
				GCC_WARN_UNUSED_VARIABLE = YES;
				MACOSX_DEPLOYMENT_TARGET = 10.13;
				MTL_ENABLE_DEBUG_INFO = NO;
				SDKROOT = macosx;
				SWIFT_OPTIMIZATION_LEVEL = "-Owholemodule";
			};
			name = Release;
		};
		A02AAD0520F18CA40007D4B9 /* Debug */ = {
			isa = XCBuildConfiguration;
			buildSettings = {
				ALWAYS_EMBED_SWIFT_STANDARD_LIBRARIES = YES;
				ASSETCATALOG_COMPILER_APPICON_NAME = AppIcon;
				CODE_SIGN_ENTITLEMENTS = CommenterExt/CommenterExt.entitlements;
				CODE_SIGN_IDENTITY = "Mac Developer";
				CODE_SIGN_STYLE = Automatic;
				COMBINE_HIDPI_IMAGES = YES;
				DEVELOPMENT_TEAM = BCYSH9FU9P;
				INFOPLIST_FILE = CommenterExt/Info.plist;
				LD_RUNPATH_SEARCH_PATHS = "$(inherited) @executable_path/../Frameworks";
				PRODUCT_BUNDLE_IDENTIFIER = JJM.CommenterExt;
				PRODUCT_NAME = "$(TARGET_NAME)";
				SWIFT_VERSION = 4.0;
			};
			name = Debug;
		};
		A02AAD0620F18CA40007D4B9 /* Release */ = {
			isa = XCBuildConfiguration;
			buildSettings = {
				ALWAYS_EMBED_SWIFT_STANDARD_LIBRARIES = YES;
				ASSETCATALOG_COMPILER_APPICON_NAME = AppIcon;
				CODE_SIGN_ENTITLEMENTS = CommenterExt/CommenterExt.entitlements;
				CODE_SIGN_IDENTITY = "Mac Developer";
				CODE_SIGN_STYLE = Automatic;
				COMBINE_HIDPI_IMAGES = YES;
				DEVELOPMENT_TEAM = BCYSH9FU9P;
				INFOPLIST_FILE = CommenterExt/Info.plist;
				LD_RUNPATH_SEARCH_PATHS = "$(inherited) @executable_path/../Frameworks";
				PRODUCT_BUNDLE_IDENTIFIER = JJM.CommenterExt;
				PRODUCT_NAME = "$(TARGET_NAME)";
				SWIFT_VERSION = 4.0;
			};
			name = Release;
		};
		A02AAD2C20F18D100007D4B9 /* Debug */ = {
			isa = XCBuildConfiguration;
			buildSettings = {
				CODE_SIGN_ENTITLEMENTS = Commenter/Commenter.entitlements;
				CODE_SIGN_IDENTITY = "Mac Developer";
				CODE_SIGN_STYLE = Automatic;
				COMBINE_HIDPI_IMAGES = YES;
				DEVELOPMENT_TEAM = BCYSH9FU9P;
				INFOPLIST_FILE = Commenter/Info.plist;
				LD_RUNPATH_SEARCH_PATHS = "$(inherited) @executable_path/../Frameworks @executable_path/../../../../Frameworks";
				PRODUCT_BUNDLE_IDENTIFIER = JJM.CommenterExt.Commenter;
				PRODUCT_NAME = "$(TARGET_NAME)";
				SKIP_INSTALL = YES;
				SWIFT_VERSION = 4.0;
			};
			name = Debug;
		};
		A02AAD2D20F18D100007D4B9 /* Release */ = {
			isa = XCBuildConfiguration;
			buildSettings = {
				CODE_SIGN_ENTITLEMENTS = Commenter/Commenter.entitlements;
				CODE_SIGN_IDENTITY = "Mac Developer";
				CODE_SIGN_STYLE = Automatic;
				COMBINE_HIDPI_IMAGES = YES;
				DEVELOPMENT_TEAM = BCYSH9FU9P;
				INFOPLIST_FILE = Commenter/Info.plist;
				LD_RUNPATH_SEARCH_PATHS = "$(inherited) @executable_path/../Frameworks @executable_path/../../../../Frameworks";
				PRODUCT_BUNDLE_IDENTIFIER = JJM.CommenterExt.Commenter;
				PRODUCT_NAME = "$(TARGET_NAME)";
				SKIP_INSTALL = YES;
				SWIFT_VERSION = 4.0;
			};
			name = Release;
		};
/* End XCBuildConfiguration section */

/* Begin XCConfigurationList section */
		A02AAC9A20F184880007D4B9 /* Build configuration list for PBXProject "Commenter Extension" */ = {
			isa = XCConfigurationList;
			buildConfigurations = (
				A02AACC120F184880007D4B9 /* Debug */,
				A02AACC220F184880007D4B9 /* Release */,
			);
			defaultConfigurationIsVisible = 0;
			defaultConfigurationName = Release;
		};
		A02AAD0420F18CA40007D4B9 /* Build configuration list for PBXNativeTarget "CommenterExt" */ = {
			isa = XCConfigurationList;
			buildConfigurations = (
				A02AAD0520F18CA40007D4B9 /* Debug */,
				A02AAD0620F18CA40007D4B9 /* Release */,
			);
			defaultConfigurationIsVisible = 0;
			defaultConfigurationName = Release;
		};
		A02AAD2B20F18D100007D4B9 /* Build configuration list for PBXNativeTarget "Commenter" */ = {
			isa = XCConfigurationList;
			buildConfigurations = (
				A02AAD2C20F18D100007D4B9 /* Debug */,
				A02AAD2D20F18D100007D4B9 /* Release */,
			);
			defaultConfigurationIsVisible = 0;
			defaultConfigurationName = Release;
		};
/* End XCConfigurationList section */
	};
	rootObject = A02AAC9720F184880007D4B9 /* Project object */;
}
