// !$*UTF8*$!
{
	archiveVersion = 1;
	classes = {
	};
	objectVersion = 48;
	objects = {

/* Begin PBXBuildFile section */
		A02AAD2020F18D0F0007D4B9 /* Cocoa.framework in Frameworks */ = {isa = PBXBuildFile; fileRef = A02AACD220F184F50007D4B9 /* Cocoa.framework */; };
		A02AAD2320F18D100007D4B9 /* SourceEditorExtension.swift in Sources */ = {isa = PBXBuildFile; fileRef = A02AAD2220F18D100007D4B9 /* SourceEditorExtension.swift */; };
		A02AAD2520F18D100007D4B9 /* LegacyToNewCommand.swift in Sources */ = {isa = PBXBuildFile; fileRef = A02AAD2420F18D100007D4B9 /* LegacyToNewCommand.swift */; };
		A062BF1323DE4BC500A3859E /* Regex.swift in Sources */ = {isa = PBXBuildFile; fileRef = A062BF1223DE4BC500A3859E /* Regex.swift */; };
		A0DC44E123DE38410039EE7A /* NewToLegacyCommand.swift in Sources */ = {isa = PBXBuildFile; fileRef = A0DC44E023DE38410039EE7A /* NewToLegacyCommand.swift */; };
		A0DC44E323DE397F0039EE7A /* Utility.swift in Sources */ = {isa = PBXBuildFile; fileRef = A0DC44E223DE397F0039EE7A /* Utility.swift */; };
		A0F6DE7423DE9B9200785690 /* AppDelegate.swift in Sources */ = {isa = PBXBuildFile; fileRef = A0F6DE7323DE9B9200785690 /* AppDelegate.swift */; };
		A0F6DE7623DE9B9200785690 /* ContentView.swift in Sources */ = {isa = PBXBuildFile; fileRef = A0F6DE7523DE9B9200785690 /* ContentView.swift */; };
		A0F6DE7823DE9B9500785690 /* Assets.xcassets in Resources */ = {isa = PBXBuildFile; fileRef = A0F6DE7723DE9B9500785690 /* Assets.xcassets */; };
		A0F6DE7B23DE9B9500785690 /* Preview Assets.xcassets in Resources */ = {isa = PBXBuildFile; fileRef = A0F6DE7A23DE9B9500785690 /* Preview Assets.xcassets */; };
		A0F6DE7E23DE9B9500785690 /* Main.storyboard in Resources */ = {isa = PBXBuildFile; fileRef = A0F6DE7C23DE9B9500785690 /* Main.storyboard */; };
		A0F6DE8523DE9C0700785690 /* Commenter.appex in CopyFiles */ = {isa = PBXBuildFile; fileRef = A02AAD1F20F18D0F0007D4B9 /* Commenter.appex */; settings = {ATTRIBUTES = (RemoveHeadersOnCopy, ); }; };
/* End PBXBuildFile section */

/* Begin PBXCopyFilesBuildPhase section */
		A0F6DE8423DE9BEA00785690 /* CopyFiles */ = {
			isa = PBXCopyFilesBuildPhase;
			buildActionMask = 2147483647;
			dstPath = "";
			dstSubfolderSpec = 13;
			files = (
				A0F6DE8523DE9C0700785690 /* Commenter.appex in CopyFiles */,
			);
			runOnlyForDeploymentPostprocessing = 0;
		};
/* End PBXCopyFilesBuildPhase section */

/* Begin PBXFileReference section */
		A02AACD220F184F50007D4B9 /* Cocoa.framework */ = {isa = PBXFileReference; lastKnownFileType = wrapper.framework; name = Cocoa.framework; path = System/Library/Frameworks/Cocoa.framework; sourceTree = SDKROOT; };
		A02AAD1F20F18D0F0007D4B9 /* Commenter.appex */ = {isa = PBXFileReference; explicitFileType = "wrapper.app-extension"; includeInIndex = 0; path = Commenter.appex; sourceTree = BUILT_PRODUCTS_DIR; };
		A02AAD2220F18D100007D4B9 /* SourceEditorExtension.swift */ = {isa = PBXFileReference; lastKnownFileType = sourcecode.swift; path = SourceEditorExtension.swift; sourceTree = "<group>"; };
		A02AAD2420F18D100007D4B9 /* LegacyToNewCommand.swift */ = {isa = PBXFileReference; lastKnownFileType = sourcecode.swift; path = LegacyToNewCommand.swift; sourceTree = "<group>"; };
		A02AAD2620F18D100007D4B9 /* Info.plist */ = {isa = PBXFileReference; lastKnownFileType = text.plist.xml; path = Info.plist; sourceTree = "<group>"; };
		A02AAD2720F18D100007D4B9 /* Commenter.entitlements */ = {isa = PBXFileReference; lastKnownFileType = text.plist.entitlements; path = Commenter.entitlements; sourceTree = "<group>"; };
		A062BF1223DE4BC500A3859E /* Regex.swift */ = {isa = PBXFileReference; lastKnownFileType = sourcecode.swift; path = Regex.swift; sourceTree = "<group>"; };
		A0DC44E023DE38410039EE7A /* NewToLegacyCommand.swift */ = {isa = PBXFileReference; lastKnownFileType = sourcecode.swift; path = NewToLegacyCommand.swift; sourceTree = "<group>"; };
		A0DC44E223DE397F0039EE7A /* Utility.swift */ = {isa = PBXFileReference; lastKnownFileType = sourcecode.swift; path = Utility.swift; sourceTree = "<group>"; };
		A0F6DE7123DE9B9200785690 /* CommenterHost.app */ = {isa = PBXFileReference; explicitFileType = wrapper.application; includeInIndex = 0; path = CommenterHost.app; sourceTree = BUILT_PRODUCTS_DIR; };
		A0F6DE7323DE9B9200785690 /* AppDelegate.swift */ = {isa = PBXFileReference; lastKnownFileType = sourcecode.swift; path = AppDelegate.swift; sourceTree = "<group>"; };
		A0F6DE7523DE9B9200785690 /* ContentView.swift */ = {isa = PBXFileReference; lastKnownFileType = sourcecode.swift; path = ContentView.swift; sourceTree = "<group>"; };
		A0F6DE7723DE9B9500785690 /* Assets.xcassets */ = {isa = PBXFileReference; lastKnownFileType = folder.assetcatalog; path = Assets.xcassets; sourceTree = "<group>"; };
		A0F6DE7A23DE9B9500785690 /* Preview Assets.xcassets */ = {isa = PBXFileReference; lastKnownFileType = folder.assetcatalog; path = "Preview Assets.xcassets"; sourceTree = "<group>"; };
		A0F6DE7D23DE9B9500785690 /* Base */ = {isa = PBXFileReference; lastKnownFileType = file.storyboard; name = Base; path = Base.lproj/Main.storyboard; sourceTree = "<group>"; };
		A0F6DE7F23DE9B9500785690 /* Info.plist */ = {isa = PBXFileReference; lastKnownFileType = text.plist.xml; path = Info.plist; sourceTree = "<group>"; };
		A0F6DE8023DE9B9500785690 /* CommenterHost.entitlements */ = {isa = PBXFileReference; lastKnownFileType = text.plist.entitlements; path = CommenterHost.entitlements; sourceTree = "<group>"; };
/* End PBXFileReference section */

/* Begin PBXFrameworksBuildPhase section */
		A02AAD1C20F18D0F0007D4B9 /* Frameworks */ = {
			isa = PBXFrameworksBuildPhase;
			buildActionMask = 2147483647;
			files = (
				A02AAD2020F18D0F0007D4B9 /* Cocoa.framework in Frameworks */,
			);
			runOnlyForDeploymentPostprocessing = 0;
		};
		A0F6DE6E23DE9B9200785690 /* Frameworks */ = {
			isa = PBXFrameworksBuildPhase;
			buildActionMask = 2147483647;
			files = (
			);
			runOnlyForDeploymentPostprocessing = 0;
		};
/* End PBXFrameworksBuildPhase section */

/* Begin PBXGroup section */
		A02AAC9620F184880007D4B9 = {
			isa = PBXGroup;
			children = (
				A02AAD2120F18D100007D4B9 /* Commenter */,
				A0F6DE7223DE9B9200785690 /* CommenterHost */,
				A02AACD120F184F50007D4B9 /* Frameworks */,
				A02AACA020F184880007D4B9 /* Products */,
			);
			sourceTree = "<group>";
		};
		A02AACA020F184880007D4B9 /* Products */ = {
			isa = PBXGroup;
			children = (
				A02AAD1F20F18D0F0007D4B9 /* Commenter.appex */,
				A0F6DE7123DE9B9200785690 /* CommenterHost.app */,
			);
			name = Products;
			sourceTree = "<group>";
		};
		A02AACD120F184F50007D4B9 /* Frameworks */ = {
			isa = PBXGroup;
			children = (
				A02AACD220F184F50007D4B9 /* Cocoa.framework */,
			);
			name = Frameworks;
			sourceTree = "<group>";
		};
		A02AAD2120F18D100007D4B9 /* Commenter */ = {
			isa = PBXGroup;
			children = (
				A02AAD2220F18D100007D4B9 /* SourceEditorExtension.swift */,
				A0DC44DF23DE38170039EE7A /* LegacyToNew */,
				A0DC44DE23DE37C70039EE7A /* NewToLegacy */,
				A02AAD2620F18D100007D4B9 /* Info.plist */,
				A02AAD2720F18D100007D4B9 /* Commenter.entitlements */,
				A0DC44E223DE397F0039EE7A /* Utility.swift */,
				A062BF1223DE4BC500A3859E /* Regex.swift */,
			);
			path = Commenter;
			sourceTree = "<group>";
		};
		A0DC44DE23DE37C70039EE7A /* NewToLegacy */ = {
			isa = PBXGroup;
			children = (
				A0DC44E023DE38410039EE7A /* NewToLegacyCommand.swift */,
			);
			path = NewToLegacy;
			sourceTree = "<group>";
		};
		A0DC44DF23DE38170039EE7A /* LegacyToNew */ = {
			isa = PBXGroup;
			children = (
				A02AAD2420F18D100007D4B9 /* LegacyToNewCommand.swift */,
			);
			path = LegacyToNew;
			sourceTree = "<group>";
		};
		A0F6DE7223DE9B9200785690 /* CommenterHost */ = {
			isa = PBXGroup;
			children = (
				A0F6DE7323DE9B9200785690 /* AppDelegate.swift */,
				A0F6DE7523DE9B9200785690 /* ContentView.swift */,
				A0F6DE7723DE9B9500785690 /* Assets.xcassets */,
				A0F6DE7C23DE9B9500785690 /* Main.storyboard */,
				A0F6DE7F23DE9B9500785690 /* Info.plist */,
				A0F6DE8023DE9B9500785690 /* CommenterHost.entitlements */,
				A0F6DE7923DE9B9500785690 /* Preview Content */,
			);
			path = CommenterHost;
			sourceTree = "<group>";
		};
		A0F6DE7923DE9B9500785690 /* Preview Content */ = {
			isa = PBXGroup;
			children = (
				A0F6DE7A23DE9B9500785690 /* Preview Assets.xcassets */,
			);
			path = "Preview Content";
			sourceTree = "<group>";
		};
/* End PBXGroup section */

/* Begin PBXNativeTarget section */
		A02AAD1E20F18D0F0007D4B9 /* Commenter */ = {
			isa = PBXNativeTarget;
			buildConfigurationList = A02AAD2B20F18D100007D4B9 /* Build configuration list for PBXNativeTarget "Commenter" */;
			buildPhases = (
				A02AAD1B20F18D0F0007D4B9 /* Sources */,
				A02AAD1C20F18D0F0007D4B9 /* Frameworks */,
				A02AAD1D20F18D0F0007D4B9 /* Resources */,
			);
			buildRules = (
			);
			dependencies = (
			);
			name = Commenter;
			productName = Commenter;
			productReference = A02AAD1F20F18D0F0007D4B9 /* Commenter.appex */;
			productType = "com.apple.product-type.xcode-extension";
		};
		A0F6DE7023DE9B9200785690 /* CommenterHost */ = {
			isa = PBXNativeTarget;
			buildConfigurationList = A0F6DE8323DE9B9500785690 /* Build configuration list for PBXNativeTarget "CommenterHost" */;
			buildPhases = (
				A0F6DE6D23DE9B9200785690 /* Sources */,
				A0F6DE6E23DE9B9200785690 /* Frameworks */,
				A0F6DE6F23DE9B9200785690 /* Resources */,
				A0F6DE8423DE9BEA00785690 /* CopyFiles */,
			);
			buildRules = (
			);
			dependencies = (
			);
			name = CommenterHost;
			productName = CommenterHost;
			productReference = A0F6DE7123DE9B9200785690 /* CommenterHost.app */;
			productType = "com.apple.product-type.application";
		};
/* End PBXNativeTarget section */

/* Begin PBXProject section */
		A02AAC9720F184880007D4B9 /* Project object */ = {
			isa = PBXProject;
			attributes = {
				LastSwiftUpdateCheck = 1130;
				LastUpgradeCheck = 0920;
				ORGANIZATIONNAME = "Jacob Martin";
				TargetAttributes = {
					A02AAD1E20F18D0F0007D4B9 = {
						CreatedOnToolsVersion = 9.2;
						ProvisioningStyle = Automatic;
					};
					A0F6DE7023DE9B9200785690 = {
						CreatedOnToolsVersion = 11.3.1;
						ProvisioningStyle = Automatic;
					};
				};
			};
			buildConfigurationList = A02AAC9A20F184880007D4B9 /* Build configuration list for PBXProject "Commenter Extension" */;
			compatibilityVersion = "Xcode 8.0";
			developmentRegion = en;
			hasScannedForEncodings = 0;
			knownRegions = (
				en,
				Base,
			);
			mainGroup = A02AAC9620F184880007D4B9;
			productRefGroup = A02AACA020F184880007D4B9 /* Products */;
			projectDirPath = "";
			projectRoot = "";
			targets = (
				A02AAD1E20F18D0F0007D4B9 /* Commenter */,
				A0F6DE7023DE9B9200785690 /* CommenterHost */,
			);
		};
/* End PBXProject section */

/* Begin PBXResourcesBuildPhase section */
		A02AAD1D20F18D0F0007D4B9 /* Resources */ = {
			isa = PBXResourcesBuildPhase;
			buildActionMask = 2147483647;
			files = (
			);
			runOnlyForDeploymentPostprocessing = 0;
		};
		A0F6DE6F23DE9B9200785690 /* Resources */ = {
			isa = PBXResourcesBuildPhase;
			buildActionMask = 2147483647;
			files = (
				A0F6DE7E23DE9B9500785690 /* Main.storyboard in Resources */,
				A0F6DE7B23DE9B9500785690 /* Preview Assets.xcassets in Resources */,
				A0F6DE7823DE9B9500785690 /* Assets.xcassets in Resources */,
			);
			runOnlyForDeploymentPostprocessing = 0;
		};
/* End PBXResourcesBuildPhase section */

/* Begin PBXSourcesBuildPhase section */
		A02AAD1B20F18D0F0007D4B9 /* Sources */ = {
			isa = PBXSourcesBuildPhase;
			buildActionMask = 2147483647;
			files = (
				A0DC44E323DE397F0039EE7A /* Utility.swift in Sources */,
				A062BF1323DE4BC500A3859E /* Regex.swift in Sources */,
				A02AAD2320F18D100007D4B9 /* SourceEditorExtension.swift in Sources */,
				A02AAD2520F18D100007D4B9 /* LegacyToNewCommand.swift in Sources */,
				A0DC44E123DE38410039EE7A /* NewToLegacyCommand.swift in Sources */,
			);
			runOnlyForDeploymentPostprocessing = 0;
		};
		A0F6DE6D23DE9B9200785690 /* Sources */ = {
			isa = PBXSourcesBuildPhase;
			buildActionMask = 2147483647;
			files = (
				A0F6DE7623DE9B9200785690 /* ContentView.swift in Sources */,
				A0F6DE7423DE9B9200785690 /* AppDelegate.swift in Sources */,
			);
			runOnlyForDeploymentPostprocessing = 0;
		};
/* End PBXSourcesBuildPhase section */

/* Begin PBXVariantGroup section */
		A0F6DE7C23DE9B9500785690 /* Main.storyboard */ = {
			isa = PBXVariantGroup;
			children = (
				A0F6DE7D23DE9B9500785690 /* Base */,
			);
			name = Main.storyboard;
			sourceTree = "<group>";
		};
/* End PBXVariantGroup section */

/* Begin XCBuildConfiguration section */
		A02AACC120F184880007D4B9 /* Debug */ = {
			isa = XCBuildConfiguration;
			buildSettings = {
				ALWAYS_SEARCH_USER_PATHS = NO;
				CLANG_ANALYZER_NONNULL = YES;
				CLANG_ANALYZER_NUMBER_OBJECT_CONVERSION = YES_AGGRESSIVE;
				CLANG_CXX_LANGUAGE_STANDARD = "gnu++14";
				CLANG_CXX_LIBRARY = "libc++";
				CLANG_ENABLE_MODULES = YES;
				CLANG_ENABLE_OBJC_ARC = YES;
				CLANG_WARN_BLOCK_CAPTURE_AUTORELEASING = YES;
				CLANG_WARN_BOOL_CONVERSION = YES;
				CLANG_WARN_COMMA = YES;
				CLANG_WARN_CONSTANT_CONVERSION = YES;
				CLANG_WARN_DIRECT_OBJC_ISA_USAGE = YES_ERROR;
				CLANG_WARN_DOCUMENTATION_COMMENTS = YES;
				CLANG_WARN_EMPTY_BODY = YES;
				CLANG_WARN_ENUM_CONVERSION = YES;
				CLANG_WARN_INFINITE_RECURSION = YES;
				CLANG_WARN_INT_CONVERSION = YES;
				CLANG_WARN_NON_LITERAL_NULL_CONVERSION = YES;
				CLANG_WARN_OBJC_LITERAL_CONVERSION = YES;
				CLANG_WARN_OBJC_ROOT_CLASS = YES_ERROR;
				CLANG_WARN_RANGE_LOOP_ANALYSIS = YES;
				CLANG_WARN_STRICT_PROTOTYPES = YES;
				CLANG_WARN_SUSPICIOUS_MOVE = YES;
				CLANG_WARN_UNGUARDED_AVAILABILITY = YES_AGGRESSIVE;
				CLANG_WARN_UNREACHABLE_CODE = YES;
				CLANG_WARN__DUPLICATE_METHOD_MATCH = YES;
				CODE_SIGN_IDENTITY = "-";
				COPY_PHASE_STRIP = NO;
				DEBUG_INFORMATION_FORMAT = dwarf;
				ENABLE_STRICT_OBJC_MSGSEND = YES;
				ENABLE_TESTABILITY = YES;
				GCC_C_LANGUAGE_STANDARD = gnu11;
				GCC_DYNAMIC_NO_PIC = NO;
				GCC_NO_COMMON_BLOCKS = YES;
				GCC_OPTIMIZATION_LEVEL = 0;
				GCC_PREPROCESSOR_DEFINITIONS = (
					"DEBUG=1",
					"$(inherited)",
				);
				GCC_WARN_64_TO_32_BIT_CONVERSION = YES;
				GCC_WARN_ABOUT_RETURN_TYPE = YES_ERROR;
				GCC_WARN_UNDECLARED_SELECTOR = YES;
				GCC_WARN_UNINITIALIZED_AUTOS = YES_AGGRESSIVE;
				GCC_WARN_UNUSED_FUNCTION = YES;
				GCC_WARN_UNUSED_VARIABLE = YES;
				MACOSX_DEPLOYMENT_TARGET = 10.13;
				MTL_ENABLE_DEBUG_INFO = YES;
				ONLY_ACTIVE_ARCH = YES;
				SDKROOT = macosx;
				SWIFT_ACTIVE_COMPILATION_CONDITIONS = DEBUG;
				SWIFT_OPTIMIZATION_LEVEL = "-Onone";
			};
			name = Debug;
		};
		A02AACC220F184880007D4B9 /* Release */ = {
			isa = XCBuildConfiguration;
			buildSettings = {
				ALWAYS_SEARCH_USER_PATHS = NO;
				CLANG_ANALYZER_NONNULL = YES;
				CLANG_ANALYZER_NUMBER_OBJECT_CONVERSION = YES_AGGRESSIVE;
				CLANG_CXX_LANGUAGE_STANDARD = "gnu++14";
				CLANG_CXX_LIBRARY = "libc++";
				CLANG_ENABLE_MODULES = YES;
				CLANG_ENABLE_OBJC_ARC = YES;
				CLANG_WARN_BLOCK_CAPTURE_AUTORELEASING = YES;
				CLANG_WARN_BOOL_CONVERSION = YES;
				CLANG_WARN_COMMA = YES;
				CLANG_WARN_CONSTANT_CONVERSION = YES;
				CLANG_WARN_DIRECT_OBJC_ISA_USAGE = YES_ERROR;
				CLANG_WARN_DOCUMENTATION_COMMENTS = YES;
				CLANG_WARN_EMPTY_BODY = YES;
				CLANG_WARN_ENUM_CONVERSION = YES;
				CLANG_WARN_INFINITE_RECURSION = YES;
				CLANG_WARN_INT_CONVERSION = YES;
				CLANG_WARN_NON_LITERAL_NULL_CONVERSION = YES;
				CLANG_WARN_OBJC_LITERAL_CONVERSION = YES;
				CLANG_WARN_OBJC_ROOT_CLASS = YES_ERROR;
				CLANG_WARN_RANGE_LOOP_ANALYSIS = YES;
				CLANG_WARN_STRICT_PROTOTYPES = YES;
				CLANG_WARN_SUSPICIOUS_MOVE = YES;
				CLANG_WARN_UNGUARDED_AVAILABILITY = YES_AGGRESSIVE;
				CLANG_WARN_UNREACHABLE_CODE = YES;
				CLANG_WARN__DUPLICATE_METHOD_MATCH = YES;
				CODE_SIGN_IDENTITY = "-";
				COPY_PHASE_STRIP = NO;
				DEBUG_INFORMATION_FORMAT = "dwarf-with-dsym";
				ENABLE_NS_ASSERTIONS = NO;
				ENABLE_STRICT_OBJC_MSGSEND = YES;
				GCC_C_LANGUAGE_STANDARD = gnu11;
				GCC_NO_COMMON_BLOCKS = YES;
				GCC_WARN_64_TO_32_BIT_CONVERSION = YES;
				GCC_WARN_ABOUT_RETURN_TYPE = YES_ERROR;
				GCC_WARN_UNDECLARED_SELECTOR = YES;
				GCC_WARN_UNINITIALIZED_AUTOS = YES_AGGRESSIVE;
				GCC_WARN_UNUSED_FUNCTION = YES;
				GCC_WARN_UNUSED_VARIABLE = YES;
				MACOSX_DEPLOYMENT_TARGET = 10.13;
				MTL_ENABLE_DEBUG_INFO = NO;
				SDKROOT = macosx;
				SWIFT_OPTIMIZATION_LEVEL = "-Owholemodule";
			};
			name = Release;
		};
		A02AAD2C20F18D100007D4B9 /* Debug */ = {
			isa = XCBuildConfiguration;
			buildSettings = {
				CODE_SIGN_ENTITLEMENTS = Commenter/Commenter.entitlements;
				CODE_SIGN_IDENTITY = "Mac Developer";
				CODE_SIGN_STYLE = Automatic;
				COMBINE_HIDPI_IMAGES = YES;
				DEVELOPMENT_TEAM = BCYSH9FU9P;
				INFOPLIST_FILE = Commenter/Info.plist;
				LD_RUNPATH_SEARCH_PATHS = "$(inherited) @executable_path/../Frameworks @executable_path/../../../../Frameworks";
				PRODUCT_BUNDLE_IDENTIFIER = JJM.Commenter;
				PRODUCT_NAME = "$(TARGET_NAME)";
				SKIP_INSTALL = YES;
				SWIFT_VERSION = 4.0;
			};
			name = Debug;
		};
		A02AAD2D20F18D100007D4B9 /* Release */ = {
			isa = XCBuildConfiguration;
			buildSettings = {
				CODE_SIGN_ENTITLEMENTS = Commenter/Commenter.entitlements;
				CODE_SIGN_IDENTITY = "Mac Developer";
				CODE_SIGN_STYLE = Automatic;
				COMBINE_HIDPI_IMAGES = YES;
				DEVELOPMENT_TEAM = BCYSH9FU9P;
				INFOPLIST_FILE = Commenter/Info.plist;
				LD_RUNPATH_SEARCH_PATHS = "$(inherited) @executable_path/../Frameworks @executable_path/../../../../Frameworks";
				PRODUCT_BUNDLE_IDENTIFIER = JJM.Commenter;
				PRODUCT_NAME = "$(TARGET_NAME)";
				SKIP_INSTALL = YES;
				SWIFT_VERSION = 4.0;
			};
			name = Release;
		};
		A0F6DE8123DE9B9500785690 /* Debug */ = {
			isa = XCBuildConfiguration;
			buildSettings = {
				ASSETCATALOG_COMPILER_APPICON_NAME = AppIcon;
				CLANG_ENABLE_OBJC_WEAK = YES;
				CLANG_WARN_DEPRECATED_OBJC_IMPLEMENTATIONS = YES;
				CLANG_WARN_OBJC_IMPLICIT_RETAIN_SELF = YES;
				CODE_SIGN_ENTITLEMENTS = CommenterHost/CommenterHost.entitlements;
				CODE_SIGN_IDENTITY = "Apple Development";
				CODE_SIGN_STYLE = Automatic;
				COMBINE_HIDPI_IMAGES = YES;
				DEVELOPMENT_ASSET_PATHS = "\"CommenterHost/Preview Content\"";
				DEVELOPMENT_TEAM = BCYSH9FU9P;
				ENABLE_PREVIEWS = YES;
				INFOPLIST_FILE = CommenterHost/Info.plist;
				LD_RUNPATH_SEARCH_PATHS = "$(inherited) @executable_path/../Frameworks";
				MACOSX_DEPLOYMENT_TARGET = 10.15;
				MTL_ENABLE_DEBUG_INFO = INCLUDE_SOURCE;
				MTL_FAST_MATH = YES;
				PRODUCT_BUNDLE_IDENTIFIER = JJM.Commenter;
				PRODUCT_NAME = "$(TARGET_NAME)";
				SWIFT_VERSION = 5.0;
			};
			name = Debug;
		};
		A0F6DE8223DE9B9500785690 /* Release */ = {
			isa = XCBuildConfiguration;
			buildSettings = {
				ASSETCATALOG_COMPILER_APPICON_NAME = AppIcon;
				CLANG_ENABLE_OBJC_WEAK = YES;
				CLANG_WARN_DEPRECATED_OBJC_IMPLEMENTATIONS = YES;
				CLANG_WARN_OBJC_IMPLICIT_RETAIN_SELF = YES;
				CODE_SIGN_ENTITLEMENTS = CommenterHost/CommenterHost.entitlements;
				CODE_SIGN_IDENTITY = "Apple Development";
				CODE_SIGN_STYLE = Automatic;
				COMBINE_HIDPI_IMAGES = YES;
				DEVELOPMENT_ASSET_PATHS = "\"CommenterHost/Preview Content\"";
				DEVELOPMENT_TEAM = BCYSH9FU9P;
				ENABLE_PREVIEWS = YES;
				INFOPLIST_FILE = CommenterHost/Info.plist;
				LD_RUNPATH_SEARCH_PATHS = "$(inherited) @executable_path/../Frameworks";
				MACOSX_DEPLOYMENT_TARGET = 10.15;
				MTL_FAST_MATH = YES;
				PRODUCT_BUNDLE_IDENTIFIER = JJM.Commenter;
				PRODUCT_NAME = "$(TARGET_NAME)";
				SWIFT_VERSION = 5.0;
			};
			name = Release;
		};
/* End XCBuildConfiguration section */

/* Begin XCConfigurationList section */
		A02AAC9A20F184880007D4B9 /* Build configuration list for PBXProject "Commenter Extension" */ = {
			isa = XCConfigurationList;
			buildConfigurations = (
				A02AACC120F184880007D4B9 /* Debug */,
				A02AACC220F184880007D4B9 /* Release */,
			);
			defaultConfigurationIsVisible = 0;
			defaultConfigurationName = Release;
		};
		A02AAD2B20F18D100007D4B9 /* Build configuration list for PBXNativeTarget "Commenter" */ = {
			isa = XCConfigurationList;
			buildConfigurations = (
				A02AAD2C20F18D100007D4B9 /* Debug */,
				A02AAD2D20F18D100007D4B9 /* Release */,
			);
			defaultConfigurationIsVisible = 0;
			defaultConfigurationName = Release;
		};
		A0F6DE8323DE9B9500785690 /* Build configuration list for PBXNativeTarget "CommenterHost" */ = {
			isa = XCConfigurationList;
			buildConfigurations = (
				A0F6DE8123DE9B9500785690 /* Debug */,
				A0F6DE8223DE9B9500785690 /* Release */,
			);
			defaultConfigurationIsVisible = 0;
			defaultConfigurationName = Release;
		};
/* End XCConfigurationList section */
	};
	rootObject = A02AAC9720F184880007D4B9 /* Project object */;
}
